
Microsoft Visual Studio Solution File, Format Version 12.00
# Visual Studio 15
VisualStudioVersion = 15.0.28307.329
MinimumVisualStudioVersion = 10.0.40219.1
Project("{FAE04EC0-301F-11D3-BF4B-00C04F79EFBC}") = "Generic_Expert", "Generic_Expert\Generic_Expert.csproj", "{80980F65-225B-43EA-9364-4C8594F2274B}"
EndProject
Global
	GlobalSection(SolutionConfigurationPlatforms) = preSolution
		Debug|Any CPU = Debug|Any CPU
		Release|Any CPU = Release|Any CPU
	EndGlobalSection
	GlobalSection(ProjectConfigurationPlatforms) = postSolution
		{80980F65-225B-43EA-9364-4C8594F2274B}.Debug|Any CPU.ActiveCfg = Debug|Any CPU
		{80980F65-225B-43EA-9364-4C8594F2274B}.Debug|Any CPU.Build.0 = Debug|Any CPU
		{80980F65-225B-43EA-9364-4C8594F2274B}.Release|Any CPU.ActiveCfg = Release|Any CPU
		{80980F65-225B-43EA-9364-4C8594F2274B}.Release|Any CPU.Build.0 = Release|Any CPU
	EndGlobalSection
	GlobalSection(SolutionProperties) = preSolution
		HideSolutionNode = FALSE
	EndGlobalSection
	GlobalSection(ExtensibilityGlobals) = postSolution
		SolutionGuid = {ECCCDC58-628D-4007-A0E4-1E511A98CA13}
	EndGlobalSection
EndGlobal
